
Microsoft Visual Studio Solution File, Format Version 12.00
# Visual Studio Version 17
VisualStudioVersion = 17.7.34003.232
MinimumVisualStudioVersion = 10.0.40219.1
Project("{9A19103F-16F7-4668-BE54-9A1E7A4F7556}") = "EasySaver.Common", "EasySaver\EasySaver.Common.csproj", "{FFF250EB-430B-4CDF-99FD-D6A4438AAAEC}"
EndProject
Project("{9A19103F-16F7-4668-BE54-9A1E7A4F7556}") = "EasySaver.TextFile", "EasySaver.Text\EasySaver.TextFile.csproj", "{BC1CB09D-BCEC-4864-A724-36780CC08E90}"
EndProject
Project("{9A19103F-16F7-4668-BE54-9A1E7A4F7556}") = "EasySaver.BitmapFile", "EasySaver.Bitmap\EasySaver.BitmapFile.csproj", "{04C938F5-ED4E-4CFD-BE48-FCE8ECF0859D}"
	ProjectSection(ProjectDependencies) = postProject
		{FFF250EB-430B-4CDF-99FD-D6A4438AAAEC} = {FFF250EB-430B-4CDF-99FD-D6A4438AAAEC}
	EndProjectSection
EndProject
Global
	GlobalSection(SolutionConfigurationPlatforms) = preSolution
		Debug|Any CPU = Debug|Any CPU
		Release|Any CPU = Release|Any CPU
	EndGlobalSection
	GlobalSection(ProjectConfigurationPlatforms) = postSolution
		{FFF250EB-430B-4CDF-99FD-D6A4438AAAEC}.Debug|Any CPU.ActiveCfg = Debug|Any CPU
		{FFF250EB-430B-4CDF-99FD-D6A4438AAAEC}.Debug|Any CPU.Build.0 = Debug|Any CPU
		{FFF250EB-430B-4CDF-99FD-D6A4438AAAEC}.Release|Any CPU.ActiveCfg = Release|Any CPU
		{FFF250EB-430B-4CDF-99FD-D6A4438AAAEC}.Release|Any CPU.Build.0 = Release|Any CPU
		{BC1CB09D-BCEC-4864-A724-36780CC08E90}.Debug|Any CPU.ActiveCfg = Debug|Any CPU
		{BC1CB09D-BCEC-4864-A724-36780CC08E90}.Debug|Any CPU.Build.0 = Debug|Any CPU
		{BC1CB09D-BCEC-4864-A724-36780CC08E90}.Release|Any CPU.ActiveCfg = Release|Any CPU
		{BC1CB09D-BCEC-4864-A724-36780CC08E90}.Release|Any CPU.Build.0 = Release|Any CPU
		{04C938F5-ED4E-4CFD-BE48-FCE8ECF0859D}.Debug|Any CPU.ActiveCfg = Debug|Any CPU
		{04C938F5-ED4E-4CFD-BE48-FCE8ECF0859D}.Debug|Any CPU.Build.0 = Debug|Any CPU
		{04C938F5-ED4E-4CFD-BE48-FCE8ECF0859D}.Release|Any CPU.ActiveCfg = Release|Any CPU
		{04C938F5-ED4E-4CFD-BE48-FCE8ECF0859D}.Release|Any CPU.Build.0 = Release|Any CPU
	EndGlobalSection
	GlobalSection(SolutionProperties) = preSolution
		HideSolutionNode = FALSE
	EndGlobalSection
	GlobalSection(ExtensibilityGlobals) = postSolution
		SolutionGuid = {D436989F-6019-40C8-B17B-8AF7F51CAEE0}
	EndGlobalSection
EndGlobal
